
Microsoft Visual Studio Solution File, Format Version 12.00
# Visual Studio Version 17
VisualStudioVersion = 17.14.36705.20
MinimumVisualStudioVersion = 10.0.40219.1
Project("{FAE04EC0-301F-11D3-BF4B-00C04F79EFBC}") = "CODERAMA.Documents.API", "CODERAMA.Documents.API\CODERAMA.Documents.API.csproj", "{3E8BFE4B-9A92-46CE-AF3C-E92BC941B397}"
EndProject
Project("{FAE04EC0-301F-11D3-BF4B-00C04F79EFBC}") = "CODERAMA.Documents.Tests", "tests\CODERAMA.Documents.Tests\CODERAMA.Documents.Tests.csproj", "{A7A3A27D-2A85-4399-9F21-9ADDD418FF32}"
EndProject
Global
	GlobalSection(SolutionConfigurationPlatforms) = preSolution
		Debug|Any CPU = Debug|Any CPU
		Release|Any CPU = Release|Any CPU
	EndGlobalSection
	GlobalSection(ProjectConfigurationPlatforms) = postSolution
		{3E8BFE4B-9A92-46CE-AF3C-E92BC941B397}.Debug|Any CPU.ActiveCfg = Debug|Any CPU
		{3E8BFE4B-9A92-46CE-AF3C-E92BC941B397}.Debug|Any CPU.Build.0 = Debug|Any CPU
		{3E8BFE4B-9A92-46CE-AF3C-E92BC941B397}.Release|Any CPU.ActiveCfg = Release|Any CPU
		{3E8BFE4B-9A92-46CE-AF3C-E92BC941B397}.Release|Any CPU.Build.0 = Release|Any CPU
		{A7A3A27D-2A85-4399-9F21-9ADDD418FF32}.Debug|Any CPU.ActiveCfg = Debug|Any CPU
		{A7A3A27D-2A85-4399-9F21-9ADDD418FF32}.Debug|Any CPU.Build.0 = Debug|Any CPU
		{A7A3A27D-2A85-4399-9F21-9ADDD418FF32}.Release|Any CPU.ActiveCfg = Release|Any CPU
		{A7A3A27D-2A85-4399-9F21-9ADDD418FF32}.Release|Any CPU.Build.0 = Release|Any CPU
	EndGlobalSection
	GlobalSection(SolutionProperties) = preSolution
		HideSolutionNode = FALSE
	EndGlobalSection
	GlobalSection(ExtensibilityGlobals) = postSolution
		SolutionGuid = {3CC215C9-46A3-4518-AB30-42713336D100}
	EndGlobalSection
EndGlobal
